<?xml version="1.0" encoding="utf-8"?>
<Project ToolsVersion="4.0" xmlns="http://schemas.microsoft.com/developer/msbuild/2003">
  <ItemGroup>
    <Filter Include="Source Files">
      <UniqueIdentifier>{4FC737F1-C7A5-4376-A066-2A32D752A2FF}</UniqueIdentifier>
      <Extensions>cpp;c;cc;cxx;def;odl;idl;hpj;bat;asm;asmx</Extensions>
    </Filter>
    <Filter Include="Header Files">
      <UniqueIdentifier>{93995380-89BD-4b04-88EB-625FBE52EBFB}</UniqueIdentifier>
      <Extensions>h;hh;hpp;hxx;hm;inl;inc;xsd</Extensions>
    </Filter>
    <Filter Include="Resource Files">
      <UniqueIdentifier>{67DA6AB6-F800-4c08-8B7A-83BB121AAD01}</UniqueIdentifier>
      <Extensions>rc;ico;cur;bmp;dlg;rc2;rct;bin;rgs;gif;jpg;jpeg;jpe;resx;tiff;tif;png;wav</Extensions>
    </Filter>
  </ItemGroup>
  <ItemGroup>
    <ClCompile Include="source\main.cpp">
      <Filter>Source Files</Filter>
    </ClCompile>
  </ItemGroup>
  <ItemGroup>
    <ClInclude Include="libtcod\include\libtcod.h">
      <Filter>Header Files</Filter>
    </ClInclude>
    <ClInclude Include="libtcod\include\libtcod.hpp">
      <Filter>Header Files</Filter>
    </ClInclude>
    <ClInclude Include="libtcod\include\libtcod\bresenham.h">
      <Filter>Header Files</Filter>
    </ClInclude>
    <ClInclude Include="libtcod\include\libtcod\bsp.h">
      <Filter>Header Files</Filter>
    </ClInclude>
    <ClInclude Include="libtcod\include\libtcod\color.h">
      <Filter>Header Files</Filter>
    </ClInclude>
    <ClInclude Include="libtcod\include\libtcod\config.h">
      <Filter>Header Files</Filter>
    </ClInclude>
    <ClInclude Include="libtcod\include\libtcod\console.h">
      <Filter>Header Files</Filter>
    </ClInclude>
    <ClInclude Include="libtcod\include\libtcod\console_drawing.h">
      <Filter>Header Files</Filter>
    </ClInclude>
    <ClInclude Include="libtcod\include\libtcod\console_etc.h">
      <Filter>Header Files</Filter>
    </ClInclude>
    <ClInclude Include="libtcod\include\libtcod\console_init.h">
      <Filter>Header Files</Filter>
    </ClInclude>
    <ClInclude Include="libtcod\include\libtcod\console_printing.h">
      <Filter>Header Files</Filter>
    </ClInclude>
    <ClInclude Include="libtcod\include\libtcod\console_rexpaint.h">
      <Filter>Header Files</Filter>
    </ClInclude>
    <ClInclude Include="libtcod\include\libtcod\console_types.h">
      <Filter>Header Files</Filter>
    </ClInclude>
    <ClInclude Include="libtcod\include\libtcod\context.h">
      <Filter>Header Files</Filter>
    </ClInclude>
    <ClInclude Include="libtcod\include\libtcod\context_init.h">
      <Filter>Header Files</Filter>
    </ClInclude>
    <ClInclude Include="libtcod\include\libtcod\context_viewport.h">
      <Filter>Header Files</Filter>
    </ClInclude>
    <ClInclude Include="libtcod\include\libtcod\error.h">
      <Filter>Header Files</Filter>
    </ClInclude>
    <ClInclude Include="libtcod\include\libtcod\fov.h">
      <Filter>Header Files</Filter>
    </ClInclude>
    <ClInclude Include="libtcod\include\libtcod\fov_types.h">
      <Filter>Header Files</Filter>
    </ClInclude>
    <ClInclude Include="libtcod\include\libtcod\globals.h">
      <Filter>Header Files</Filter>
    </ClInclude>
    <ClInclude Include="libtcod\include\libtcod\heapq.h">
      <Filter>Header Files</Filter>
    </ClInclude>
    <ClInclude Include="libtcod\include\libtcod\heightmap.h">
      <Filter>Header Files</Filter>
    </ClInclude>
    <ClInclude Include="libtcod\include\libtcod\image.h">
      <Filter>Header Files</Filter>
    </ClInclude>
    <ClInclude Include="libtcod\include\libtcod\lex.h">
      <Filter>Header Files</Filter>
    </ClInclude>
    <ClInclude Include="libtcod\include\libtcod\libtcod.h">
      <Filter>Header Files</Filter>
    </ClInclude>
    <ClInclude Include="libtcod\include\libtcod\libtcod_int.h">
      <Filter>Header Files</Filter>
    </ClInclude>
    <ClInclude Include="libtcod\include\libtcod\list.h">
      <Filter>Header Files</Filter>
    </ClInclude>
    <ClInclude Include="libtcod\include\libtcod\logging.h">
      <Filter>Header Files</Filter>
    </ClInclude>
    <ClInclude Include="libtcod\include\libtcod\mersenne.h">
      <Filter>Header Files</Filter>
    </ClInclude>
    <ClInclude Include="libtcod\include\libtcod\mersenne_types.h">
      <Filter>Header Files</Filter>
    </ClInclude>
    <ClInclude Include="libtcod\include\libtcod\mouse.h">
      <Filter>Header Files</Filter>
    </ClInclude>
    <ClInclude Include="libtcod\include\libtcod\mouse_types.h">
      <Filter>Header Files</Filter>
    </ClInclude>
    <ClInclude Include="libtcod\include\libtcod\namegen.h">
      <Filter>Header Files</Filter>
    </ClInclude>
    <ClInclude Include="libtcod\include\libtcod\noise.h">
      <Filter>Header Files</Filter>
    </ClInclude>
    <ClInclude Include="libtcod\include\libtcod\noise_defaults.h">
      <Filter>Header Files</Filter>
    </ClInclude>
    <ClInclude Include="libtcod\include\libtcod\parser.h">
      <Filter>Header Files</Filter>
    </ClInclude>
    <ClInclude Include="libtcod\include\libtcod\path.h">
      <Filter>Header Files</Filter>
    </ClInclude>
    <ClInclude Include="libtcod\include\libtcod\pathfinder.h">
      <Filter>Header Files</Filter>
    </ClInclude>
    <ClInclude Include="libtcod\include\libtcod\pathfinder_frontier.h">
      <Filter>Header Files</Filter>
    </ClInclude>
    <ClInclude Include="libtcod\include\libtcod\portability.h">
      <Filter>Header Files</Filter>
    </ClInclude>
    <ClInclude Include="libtcod\include\libtcod\random.h">
      <Filter>Header Files</Filter>
    </ClInclude>
    <ClInclude Include="libtcod\include\libtcod\renderer_sdl2.h">
      <Filter>Header Files</Filter>
    </ClInclude>
    <ClInclude Include="libtcod\include\libtcod\renderer_xterm.h">
      <Filter>Header Files</Filter>
    </ClInclude>
    <ClInclude Include="libtcod\include\libtcod\sys.h">
      <Filter>Header Files</Filter>
    </ClInclude>
    <ClInclude Include="libtcod\include\libtcod\tileset.h">
      <Filter>Header Files</Filter>
    </ClInclude>
    <ClInclude Include="libtcod\include\libtcod\tileset_bdf.h">
      <Filter>Header Files</Filter>
    </ClInclude>
    <ClInclude Include="libtcod\include\libtcod\tileset_fallback.h">
      <Filter>Header Files</Filter>
    </ClInclude>
    <ClInclude Include="libtcod\include\libtcod\tileset_render.h">
      <Filter>Header Files</Filter>
    </ClInclude>
    <ClInclude Include="libtcod\include\libtcod\tileset_truetype.h">
      <Filter>Header Files</Filter>
    </ClInclude>
    <ClInclude Include="libtcod\include\libtcod\timer.h">
      <Filter>Header Files</Filter>
    </ClInclude>
    <ClInclude Include="libtcod\include\libtcod\tree.h">
      <Filter>Header Files</Filter>
    </ClInclude>
    <ClInclude Include="libtcod\include\libtcod\txtfield.h">
      <Filter>Header Files</Filter>
    </ClInclude>
    <ClInclude Include="libtcod\include\libtcod\utility.h">
      <Filter>Header Files</Filter>
    </ClInclude>
    <ClInclude Include="libtcod\include\libtcod\version.h">
      <Filter>Header Files</Filter>
    </ClInclude>
    <ClInclude Include="libtcod\include\libtcod\wrappers.h">
      <Filter>Header Files</Filter>
    </ClInclude>
    <ClInclude Include="libtcod\include\libtcod\zip.h">
      <Filter>Header Files</Filter>
    </ClInclude>
    <ClInclude Include="libtcod\include\libtcod\bresenham.hpp">
      <Filter>Header Files</Filter>
    </ClInclude>
    <ClInclude Include="libtcod\include\libtcod\bsp.hpp">
      <Filter>Header Files</Filter>
    </ClInclude>
    <ClInclude Include="libtcod\include\libtcod\color.hpp">
      <Filter>Header Files</Filter>
    </ClInclude>
    <ClInclude Include="libtcod\include\libtcod\console.hpp">
      <Filter>Header Files</Filter>
    </ClInclude>
    <ClInclude Include="libtcod\include\libtcod\console_printing.hpp">
      <Filter>Header Files</Filter>
    </ClInclude>
    <ClInclude Include="libtcod\include\libtcod\console_rexpaint.hpp">
      <Filter>Header Files</Filter>
    </ClInclude>
    <ClInclude Include="libtcod\include\libtcod\console_types.hpp">
      <Filter>Header Files</Filter>
    </ClInclude>
    <ClInclude Include="libtcod\include\libtcod\context.hpp">
      <Filter>Header Files</Filter>
    </ClInclude>
    <ClInclude Include="libtcod\include\libtcod\error.hpp">
      <Filter>Header Files</Filter>
    </ClInclude>
    <ClInclude Include="libtcod\include\libtcod\fov.hpp">
      <Filter>Header Files</Filter>
    </ClInclude>
    <ClInclude Include="libtcod\include\libtcod\heightmap.hpp">
      <Filter>Header Files</Filter>
    </ClInclude>
    <ClInclude Include="libtcod\include\libtcod\image.hpp">
      <Filter>Header Files</Filter>
    </ClInclude>
    <ClInclude Include="libtcod\include\libtcod\lex.hpp">
      <Filter>Header Files</Filter>
    </ClInclude>
    <ClInclude Include="libtcod\include\libtcod\libtcod.hpp">
      <Filter>Header Files</Filter>
    </ClInclude>
    <ClInclude Include="libtcod\include\libtcod\list.hpp">
      <Filter>Header Files</Filter>
    </ClInclude>
    <ClInclude Include="libtcod\include\libtcod\matrix.hpp">
      <Filter>Header Files</Filter>
    </ClInclude>
    <ClInclude Include="libtcod\include\libtcod\mersenne.hpp">
      <Filter>Header Files</Filter>
    </ClInclude>
    <ClInclude Include="libtcod\include\libtcod\mouse.hpp">
      <Filter>Header Files</Filter>
    </ClInclude>
    <ClInclude Include="libtcod\include\libtcod\namegen.hpp">
      <Filter>Header Files</Filter>
    </ClInclude>
    <ClInclude Include="libtcod\include\libtcod\noise.hpp">
      <Filter>Header Files</Filter>
    </ClInclude>
    <ClInclude Include="libtcod\include\libtcod\parser.hpp">
      <Filter>Header Files</Filter>
    </ClInclude>
    <ClInclude Include="libtcod\include\libtcod\path.hpp">
      <Filter>Header Files</Filter>
    </ClInclude>
    <ClInclude Include="libtcod\include\libtcod\sys.hpp">
      <Filter>Header Files</Filter>
    </ClInclude>
    <ClInclude Include="libtcod\include\libtcod\tileset.hpp">
      <Filter>Header Files</Filter>
    </ClInclude>
    <ClInclude Include="libtcod\include\libtcod\tileset_bdf.hpp">
      <Filter>Header Files</Filter>
    </ClInclude>
    <ClInclude Include="libtcod\include\libtcod\tileset_fallback.hpp">
      <Filter>Header Files</Filter>
    </ClInclude>
    <ClInclude Include="libtcod\include\libtcod\timer.hpp">
      <Filter>Header Files</Filter>
    </ClInclude>
    <ClInclude Include="libtcod\include\libtcod\tree.hpp">
      <Filter>Header Files</Filter>
    </ClInclude>
    <ClInclude Include="libtcod\include\libtcod\txtfield.hpp">
      <Filter>Header Files</Filter>
    </ClInclude>
    <ClInclude Include="libtcod\include\libtcod\zip.hpp">
      <Filter>Header Files</Filter>
    </ClInclude>
    <ClInclude Include="libtcod\include\libtcod\gui\button.hpp">
      <Filter>Header Files</Filter>
    </ClInclude>
    <ClInclude Include="libtcod\include\libtcod\gui\container.hpp">
      <Filter>Header Files</Filter>
    </ClInclude>
    <ClInclude Include="libtcod\include\libtcod\gui\flatlist.hpp">
      <Filter>Header Files</Filter>
    </ClInclude>
    <ClInclude Include="libtcod\include\libtcod\gui\gui.hpp">
      <Filter>Header Files</Filter>
    </ClInclude>
    <ClInclude Include="libtcod\include\libtcod\gui\gui_portability.hpp">
      <Filter>Header Files</Filter>
    </ClInclude>
    <ClInclude Include="libtcod\include\libtcod\gui\hbox.hpp">
      <Filter>Header Files</Filter>
    </ClInclude>
    <ClInclude Include="libtcod\include\libtcod\gui\image.hpp">
      <Filter>Header Files</Filter>
    </ClInclude>
    <ClInclude Include="libtcod\include\libtcod\gui\label.hpp">
      <Filter>Header Files</Filter>
    </ClInclude>
    <ClInclude Include="libtcod\include\libtcod\gui\radiobutton.hpp">
      <Filter>Header Files</Filter>
    </ClInclude>
    <ClInclude Include="libtcod\include\libtcod\gui\slider.hpp">
      <Filter>Header Files</Filter>
    </ClInclude>
    <ClInclude Include="libtcod\include\libtcod\gui\statusbar.hpp">
      <Filter>Header Files</Filter>
    </ClInclude>
    <ClInclude Include="libtcod\include\libtcod\gui\textbox.hpp">
      <Filter>Header Files</Filter>
    </ClInclude>
    <ClInclude Include="libtcod\include\libtcod\gui\togglebutton.hpp">
      <Filter>Header Files</Filter>
    </ClInclude>
    <ClInclude Include="libtcod\include\libtcod\gui\toolbar.hpp">
      <Filter>Header Files</Filter>
    </ClInclude>
    <ClInclude Include="libtcod\include\libtcod\gui\vbox.hpp">
      <Filter>Header Files</Filter>
    </ClInclude>
    <ClInclude Include="libtcod\include\libtcod\gui\widget.hpp">
      <Filter>Header Files</Filter>
    </ClInclude>
    <ClInclude Include="libtcod\include\libtcod\sdl2\event.h">
      <Filter>Header Files</Filter>
    </ClInclude>
    <ClInclude Include="sdl2\include\begin_code.h">
      <Filter>Header Files</Filter>
    </ClInclude>
    <ClInclude Include="sdl2\include\close_code.h">
      <Filter>Header Files</Filter>
    </ClInclude>
    <ClInclude Include="sdl2\include\SDL.h">
      <Filter>Header Files</Filter>
    </ClInclude>
    <ClInclude Include="sdl2\include\SDL_assert.h">
      <Filter>Header Files</Filter>
    </ClInclude>
    <ClInclude Include="sdl2\include\SDL_atomic.h">
      <Filter>Header Files</Filter>
    </ClInclude>
    <ClInclude Include="sdl2\include\SDL_audio.h">
      <Filter>Header Files</Filter>
    </ClInclude>
    <ClInclude Include="sdl2\include\SDL_bits.h">
      <Filter>Header Files</Filter>
    </ClInclude>
    <ClInclude Include="sdl2\include\SDL_blendmode.h">
      <Filter>Header Files</Filter>
    </ClInclude>
    <ClInclude Include="sdl2\include\SDL_clipboard.h">
      <Filter>Header Files</Filter>
    </ClInclude>
    <ClInclude Include="sdl2\include\SDL_config.h">
      <Filter>Header Files</Filter>
    </ClInclude>
    <ClInclude Include="sdl2\include\SDL_cpuinfo.h">
      <Filter>Header Files</Filter>
    </ClInclude>
    <ClInclude Include="sdl2\include\SDL_egl.h">
      <Filter>Header Files</Filter>
    </ClInclude>
    <ClInclude Include="sdl2\include\SDL_endian.h">
      <Filter>Header Files</Filter>
    </ClInclude>
    <ClInclude Include="sdl2\include\SDL_error.h">
      <Filter>Header Files</Filter>
    </ClInclude>
    <ClInclude Include="sdl2\include\SDL_events.h">
      <Filter>Header Files</Filter>
    </ClInclude>
    <ClInclude Include="sdl2\include\SDL_filesystem.h">
      <Filter>Header Files</Filter>
    </ClInclude>
    <ClInclude Include="sdl2\include\SDL_gamecontroller.h">
      <Filter>Header Files</Filter>
    </ClInclude>
    <ClInclude Include="sdl2\include\SDL_gesture.h">
      <Filter>Header Files</Filter>
    </ClInclude>
    <ClInclude Include="sdl2\include\SDL_guid.h">
      <Filter>Header Files</Filter>
    </ClInclude>
    <ClInclude Include="sdl2\include\SDL_haptic.h">
      <Filter>Header Files</Filter>
    </ClInclude>
    <ClInclude Include="sdl2\include\SDL_hidapi.h">
      <Filter>Header Files</Filter>
    </ClInclude>
    <ClInclude Include="sdl2\include\SDL_hints.h">
      <Filter>Header Files</Filter>
    </ClInclude>
    <ClInclude Include="sdl2\include\SDL_joystick.h">
      <Filter>Header Files</Filter>
    </ClInclude>
    <ClInclude Include="sdl2\include\SDL_keyboard.h">
      <Filter>Header Files</Filter>
    </ClInclude>
    <ClInclude Include="sdl2\include\SDL_keycode.h">
      <Filter>Header Files</Filter>
    </ClInclude>
    <ClInclude Include="sdl2\include\SDL_loadso.h">
      <Filter>Header Files</Filter>
    </ClInclude>
    <ClInclude Include="sdl2\include\SDL_locale.h">
      <Filter>Header Files</Filter>
    </ClInclude>
    <ClInclude Include="sdl2\include\SDL_log.h">
      <Filter>Header Files</Filter>
    </ClInclude>
    <ClInclude Include="sdl2\include\SDL_main.h">
      <Filter>Header Files</Filter>
    </ClInclude>
    <ClInclude Include="sdl2\include\SDL_messagebox.h">
      <Filter>Header Files</Filter>
    </ClInclude>
    <ClInclude Include="sdl2\include\SDL_metal.h">
      <Filter>Header Files</Filter>
    </ClInclude>
    <ClInclude Include="sdl2\include\SDL_misc.h">
      <Filter>Header Files</Filter>
    </ClInclude>
    <ClInclude Include="sdl2\include\SDL_mouse.h">
      <Filter>Header Files</Filter>
    </ClInclude>
    <ClInclude Include="sdl2\include\SDL_mutex.h">
      <Filter>Header Files</Filter>
    </ClInclude>
    <ClInclude Include="sdl2\include\SDL_name.h">
      <Filter>Header Files</Filter>
    </ClInclude>
    <ClInclude Include="sdl2\include\SDL_opengl.h">
      <Filter>Header Files</Filter>
    </ClInclude>
    <ClInclude Include="sdl2\include\SDL_opengles.h">
      <Filter>Header Files</Filter>
    </ClInclude>
    <ClInclude Include="sdl2\include\SDL_opengles2.h">
      <Filter>Header Files</Filter>
    </ClInclude>
    <ClInclude Include="sdl2\include\SDL_opengles2_gl2.h">
      <Filter>Header Files</Filter>
    </ClInclude>
    <ClInclude Include="sdl2\include\SDL_opengles2_gl2ext.h">
      <Filter>Header Files</Filter>
    </ClInclude>
    <ClInclude Include="sdl2\include\SDL_opengles2_gl2platform.h">
      <Filter>Header Files</Filter>
    </ClInclude>
    <ClInclude Include="sdl2\include\SDL_opengles2_khrplatform.h">
      <Filter>Header Files</Filter>
    </ClInclude>
    <ClInclude Include="sdl2\include\SDL_opengl_glext.h">
      <Filter>Header Files</Filter>
    </ClInclude>
    <ClInclude Include="sdl2\include\SDL_pixels.h">
      <Filter>Header Files</Filter>
    </ClInclude>
    <ClInclude Include="sdl2\include\SDL_platform.h">
      <Filter>Header Files</Filter>
    </ClInclude>
    <ClInclude Include="sdl2\include\SDL_power.h">
      <Filter>Header Files</Filter>
    </ClInclude>
    <ClInclude Include="sdl2\include\SDL_quit.h">
      <Filter>Header Files</Filter>
    </ClInclude>
    <ClInclude Include="sdl2\include\SDL_rect.h">
      <Filter>Header Files</Filter>
    </ClInclude>
    <ClInclude Include="sdl2\include\SDL_render.h">
      <Filter>Header Files</Filter>
    </ClInclude>
    <ClInclude Include="sdl2\include\SDL_revision.h">
      <Filter>Header Files</Filter>
    </ClInclude>
    <ClInclude Include="sdl2\include\SDL_rwops.h">
      <Filter>Header Files</Filter>
    </ClInclude>
    <ClInclude Include="sdl2\include\SDL_scancode.h">
      <Filter>Header Files</Filter>
    </ClInclude>
    <ClInclude Include="sdl2\include\SDL_sensor.h">
      <Filter>Header Files</Filter>
    </ClInclude>
    <ClInclude Include="sdl2\include\SDL_shape.h">
      <Filter>Header Files</Filter>
    </ClInclude>
    <ClInclude Include="sdl2\include\SDL_stdinc.h">
      <Filter>Header Files</Filter>
    </ClInclude>
    <ClInclude Include="sdl2\include\SDL_surface.h">
      <Filter>Header Files</Filter>
    </ClInclude>
    <ClInclude Include="sdl2\include\SDL_system.h">
      <Filter>Header Files</Filter>
    </ClInclude>
    <ClInclude Include="sdl2\include\SDL_syswm.h">
      <Filter>Header Files</Filter>
    </ClInclude>
    <ClInclude Include="sdl2\include\SDL_test.h">
      <Filter>Header Files</Filter>
    </ClInclude>
    <ClInclude Include="sdl2\include\SDL_test_assert.h">
      <Filter>Header Files</Filter>
    </ClInclude>
    <ClInclude Include="sdl2\include\SDL_test_common.h">
      <Filter>Header Files</Filter>
    </ClInclude>
    <ClInclude Include="sdl2\include\SDL_test_compare.h">
      <Filter>Header Files</Filter>
    </ClInclude>
    <ClInclude Include="sdl2\include\SDL_test_crc32.h">
      <Filter>Header Files</Filter>
    </ClInclude>
    <ClInclude Include="sdl2\include\SDL_test_font.h">
      <Filter>Header Files</Filter>
    </ClInclude>
    <ClInclude Include="sdl2\include\SDL_test_fuzzer.h">
      <Filter>Header Files</Filter>
    </ClInclude>
    <ClInclude Include="sdl2\include\SDL_test_harness.h">
      <Filter>Header Files</Filter>
    </ClInclude>
    <ClInclude Include="sdl2\include\SDL_test_images.h">
      <Filter>Header Files</Filter>
    </ClInclude>
    <ClInclude Include="sdl2\include\SDL_test_log.h">
      <Filter>Header Files</Filter>
    </ClInclude>
    <ClInclude Include="sdl2\include\SDL_test_md5.h">
      <Filter>Header Files</Filter>
    </ClInclude>
    <ClInclude Include="sdl2\include\SDL_test_memory.h">
      <Filter>Header Files</Filter>
    </ClInclude>
    <ClInclude Include="sdl2\include\SDL_test_random.h">
      <Filter>Header Files</Filter>
    </ClInclude>
    <ClInclude Include="sdl2\include\SDL_thread.h">
      <Filter>Header Files</Filter>
    </ClInclude>
    <ClInclude Include="sdl2\include\SDL_timer.h">
      <Filter>Header Files</Filter>
    </ClInclude>
    <ClInclude Include="sdl2\include\SDL_touch.h">
      <Filter>Header Files</Filter>
    </ClInclude>
    <ClInclude Include="sdl2\include\SDL_types.h">
      <Filter>Header Files</Filter>
    </ClInclude>
    <ClInclude Include="sdl2\include\SDL_version.h">
      <Filter>Header Files</Filter>
    </ClInclude>
    <ClInclude Include="sdl2\include\SDL_video.h">
      <Filter>Header Files</Filter>
    </ClInclude>
    <ClInclude Include="sdl2\include\SDL_vulkan.h">
      <Filter>Header Files</Filter>
    </ClInclude>
  </ItemGroup>
</Project>